
Microsoft Visual Studio Solution File, Format Version 12.00
# Visual Studio Version 17
VisualStudioVersion = 17.0.31903.59
MinimumVisualStudioVersion = 10.0.40219.1
Project("{FAE04EC0-301F-11D3-BF4B-00C04F79EFBC}") = "Countries", "Countries\Countries.csproj", "{731895CD-4DF5-4FDD-836A-CD36A36926DD}"
EndProject
Project("{FAE04EC0-301F-11D3-BF4B-00C04F79EFBC}") = "Countries.Tests", "Countries.Tests\Countries.Tests.csproj", "{89E7CE06-7960-4EA5-AC20-332A340BE0D2}"
EndProject
Global
	GlobalSection(SolutionConfigurationPlatforms) = preSolution
		Debug|Any CPU = Debug|Any CPU
		Debug|x64 = Debug|x64
		Debug|x86 = Debug|x86
		Release|Any CPU = Release|Any CPU
		Release|x64 = Release|x64
		Release|x86 = Release|x86
	EndGlobalSection
	GlobalSection(ProjectConfigurationPlatforms) = postSolution
		{731895CD-4DF5-4FDD-836A-CD36A36926DD}.Debug|Any CPU.ActiveCfg = Debug|Any CPU
		{731895CD-4DF5-4FDD-836A-CD36A36926DD}.Debug|Any CPU.Build.0 = Debug|Any CPU
		{731895CD-4DF5-4FDD-836A-CD36A36926DD}.Debug|x64.ActiveCfg = Debug|Any CPU
		{731895CD-4DF5-4FDD-836A-CD36A36926DD}.Debug|x64.Build.0 = Debug|Any CPU
		{731895CD-4DF5-4FDD-836A-CD36A36926DD}.Debug|x86.ActiveCfg = Debug|Any CPU
		{731895CD-4DF5-4FDD-836A-CD36A36926DD}.Debug|x86.Build.0 = Debug|Any CPU
		{731895CD-4DF5-4FDD-836A-CD36A36926DD}.Release|Any CPU.ActiveCfg = Release|Any CPU
		{731895CD-4DF5-4FDD-836A-CD36A36926DD}.Release|Any CPU.Build.0 = Release|Any CPU
		{731895CD-4DF5-4FDD-836A-CD36A36926DD}.Release|x64.ActiveCfg = Release|Any CPU
		{731895CD-4DF5-4FDD-836A-CD36A36926DD}.Release|x64.Build.0 = Release|Any CPU
		{731895CD-4DF5-4FDD-836A-CD36A36926DD}.Release|x86.ActiveCfg = Release|Any CPU
		{731895CD-4DF5-4FDD-836A-CD36A36926DD}.Release|x86.Build.0 = Release|Any CPU
		{89E7CE06-7960-4EA5-AC20-332A340BE0D2}.Debug|Any CPU.ActiveCfg = Debug|Any CPU
		{89E7CE06-7960-4EA5-AC20-332A340BE0D2}.Debug|Any CPU.Build.0 = Debug|Any CPU
		{89E7CE06-7960-4EA5-AC20-332A340BE0D2}.Debug|x64.ActiveCfg = Debug|Any CPU
		{89E7CE06-7960-4EA5-AC20-332A340BE0D2}.Debug|x64.Build.0 = Debug|Any CPU
		{89E7CE06-7960-4EA5-AC20-332A340BE0D2}.Debug|x86.ActiveCfg = Debug|Any CPU
		{89E7CE06-7960-4EA5-AC20-332A340BE0D2}.Debug|x86.Build.0 = Debug|Any CPU
		{89E7CE06-7960-4EA5-AC20-332A340BE0D2}.Release|Any CPU.ActiveCfg = Release|Any CPU
		{89E7CE06-7960-4EA5-AC20-332A340BE0D2}.Release|Any CPU.Build.0 = Release|Any CPU
		{89E7CE06-7960-4EA5-AC20-332A340BE0D2}.Release|x64.ActiveCfg = Release|Any CPU
		{89E7CE06-7960-4EA5-AC20-332A340BE0D2}.Release|x64.Build.0 = Release|Any CPU
		{89E7CE06-7960-4EA5-AC20-332A340BE0D2}.Release|x86.ActiveCfg = Release|Any CPU
		{89E7CE06-7960-4EA5-AC20-332A340BE0D2}.Release|x86.Build.0 = Release|Any CPU
	EndGlobalSection
	GlobalSection(SolutionProperties) = preSolution
		HideSolutionNode = FALSE
	EndGlobalSection
EndGlobal
